
Microsoft Visual Studio Solution File, Format Version 12.00
# Visual Studio Version 17
VisualStudioVersion = 17.9.34728.123
MinimumVisualStudioVersion = 10.0.40219.1
Project("{FAE04EC0-301F-11D3-BF4B-00C04F79EFBC}") = "Lession02_LHL_Controllers_Lab2_1", "Lession02_LHL_Controllers_Lab2_1\Lession02_LHL_Controllers_Lab2_1.csproj", "{F89FB9B1-1DC8-4C0A-9A58-006B2091F631}"
EndProject
Global
	GlobalSection(SolutionConfigurationPlatforms) = preSolution
		Debug|Any CPU = Debug|Any CPU
		Release|Any CPU = Release|Any CPU
	EndGlobalSection
	GlobalSection(ProjectConfigurationPlatforms) = postSolution
		{F89FB9B1-1DC8-4C0A-9A58-006B2091F631}.Debug|Any CPU.ActiveCfg = Debug|Any CPU
		{F89FB9B1-1DC8-4C0A-9A58-006B2091F631}.Debug|Any CPU.Build.0 = Debug|Any CPU
		{F89FB9B1-1DC8-4C0A-9A58-006B2091F631}.Release|Any CPU.ActiveCfg = Release|Any CPU
		{F89FB9B1-1DC8-4C0A-9A58-006B2091F631}.Release|Any CPU.Build.0 = Release|Any CPU
	EndGlobalSection
	GlobalSection(SolutionProperties) = preSolution
		HideSolutionNode = FALSE
	EndGlobalSection
	GlobalSection(ExtensibilityGlobals) = postSolution
		SolutionGuid = {54D64C0E-72C1-437F-A22E-B066ACF2A44F}
	EndGlobalSection
EndGlobal
