
Microsoft Visual Studio Solution File, Format Version 12.00
# Visual Studio Version 17
VisualStudioVersion = 17.9.34728.123
MinimumVisualStudioVersion = 10.0.40219.1
Project("{FAE04EC0-301F-11D3-BF4B-00C04F79EFBC}") = "Lession03_View_LHL", "Lession03_View_LHL\Lession03_View_LHL.csproj", "{97E44BA4-665C-45E1-90C2-6EBBF0FA496D}"
EndProject
Global
	GlobalSection(SolutionConfigurationPlatforms) = preSolution
		Debug|Any CPU = Debug|Any CPU
		Release|Any CPU = Release|Any CPU
	EndGlobalSection
	GlobalSection(ProjectConfigurationPlatforms) = postSolution
		{97E44BA4-665C-45E1-90C2-6EBBF0FA496D}.Debug|Any CPU.ActiveCfg = Debug|Any CPU
		{97E44BA4-665C-45E1-90C2-6EBBF0FA496D}.Debug|Any CPU.Build.0 = Debug|Any CPU
		{97E44BA4-665C-45E1-90C2-6EBBF0FA496D}.Release|Any CPU.ActiveCfg = Release|Any CPU
		{97E44BA4-665C-45E1-90C2-6EBBF0FA496D}.Release|Any CPU.Build.0 = Release|Any CPU
	EndGlobalSection
	GlobalSection(SolutionProperties) = preSolution
		HideSolutionNode = FALSE
	EndGlobalSection
	GlobalSection(ExtensibilityGlobals) = postSolution
		SolutionGuid = {4AC23B5F-BF96-428F-8738-48E4AA4DEA17}
	EndGlobalSection
EndGlobal
