
Microsoft Visual Studio Solution File, Format Version 12.00
# Visual Studio Version 17
VisualStudioVersion = 17.9.34728.123
MinimumVisualStudioVersion = 10.0.40219.1
Project("{FAE04EC0-301F-11D3-BF4B-00C04F79EFBC}") = "Lession02_LHL_Controllers_Lab2_2", "Lession02_LHL_Controllers_Lab2_2\Lession02_LHL_Controllers_Lab2_2.csproj", "{22EACE16-1C04-4B90-8F98-DCC5D5F7ADAB}"
EndProject
Global
	GlobalSection(SolutionConfigurationPlatforms) = preSolution
		Debug|Any CPU = Debug|Any CPU
		Release|Any CPU = Release|Any CPU
	EndGlobalSection
	GlobalSection(ProjectConfigurationPlatforms) = postSolution
		{22EACE16-1C04-4B90-8F98-DCC5D5F7ADAB}.Debug|Any CPU.ActiveCfg = Debug|Any CPU
		{22EACE16-1C04-4B90-8F98-DCC5D5F7ADAB}.Debug|Any CPU.Build.0 = Debug|Any CPU
		{22EACE16-1C04-4B90-8F98-DCC5D5F7ADAB}.Release|Any CPU.ActiveCfg = Release|Any CPU
		{22EACE16-1C04-4B90-8F98-DCC5D5F7ADAB}.Release|Any CPU.Build.0 = Release|Any CPU
	EndGlobalSection
	GlobalSection(SolutionProperties) = preSolution
		HideSolutionNode = FALSE
	EndGlobalSection
	GlobalSection(ExtensibilityGlobals) = postSolution
		SolutionGuid = {AE7E89EA-9A3B-47C8-9166-F7F544906F73}
	EndGlobalSection
EndGlobal
